
Microsoft Visual Studio Solution File, Format Version 12.00
# Visual Studio Version 17
VisualStudioVersion = 17.0.32112.339
MinimumVisualStudioVersion = 10.0.40219.1
Project("{FAE04EC0-301F-11D3-BF4B-00C04F79EFBC}") = "smallNotes", "smallNotes.csproj", "{3232E6B9-972A-4526-8527-36A51FDF405C}"
EndProject
Global
	GlobalSection(SolutionConfigurationPlatforms) = preSolution
		Debug|Any CPU = Debug|Any CPU
		Release|Any CPU = Release|Any CPU
	EndGlobalSection
	GlobalSection(ProjectConfigurationPlatforms) = postSolution
		{3232E6B9-972A-4526-8527-36A51FDF405C}.Debug|Any CPU.ActiveCfg = Debug|Any CPU
		{3232E6B9-972A-4526-8527-36A51FDF405C}.Debug|Any CPU.Build.0 = Debug|Any CPU
		{3232E6B9-972A-4526-8527-36A51FDF405C}.Release|Any CPU.ActiveCfg = Release|Any CPU
		{3232E6B9-972A-4526-8527-36A51FDF405C}.Release|Any CPU.Build.0 = Release|Any CPU
	EndGlobalSection
	GlobalSection(SolutionProperties) = preSolution
		HideSolutionNode = FALSE
	EndGlobalSection
	GlobalSection(ExtensibilityGlobals) = postSolution
		SolutionGuid = {A35CDAF4-80C5-4310-A157-C22B53222544}
	EndGlobalSection
EndGlobal
